{
  "name": "server",
  "lockfileVersion": 3,
  "requires": true,
  "packages": {
    "": {
      "dependencies": {
        "server": "file:.."
      }
    },
    "..": {
      "version": "1.0.0",
      "dependencies": {
        "axios": "^1.11.0",
        "dotenv": "^16.0.0",
        "express": "^4.21.2",
        "mongoose": "^7.0.0"
      },
      "devDependencies": {
        "nodemon": "^3.1.10"
      }
    },
    "node_modules/server": {
      "resolved": "..",
      "link": true
    }
  }
}
